{
  "nodes": {
    "catppuccin": {
      "inputs": {
        "nixpkgs": [
          "nixpkgs"
        ]
      },
      "locked": {
        "lastModified": 1787752705,
        "narHash": "sha256-9eJSxncX01i6tV/yushVG0+JadQhdll+aNfyDT3YvWg=",
        "owner": "catppuccin",
        "repo": "nix",
        "rev": "30ad3b76f1b20ed045d1dfd10ac2f3d89ff1df50",
        "type": "github"
      },
      "original": {
        "owner": "catppuccin",
        "ref": "release-26.05",
        "repo": "nix",
        "type": "github"
      }
    },
    "crane": {
      "locked": {
        "lastModified": 1779130139,
        "narHash": "sha256-BLrtr42azquO7MdGFU5a7KiMl3YpFlTeIXqy1fT5GlQ=",
        "owner": "ipetkov",
        "repo": "crane",
        "rev": "edb38893982a3338972bb4a2ec7ce7c29ba10fd9",
        "type": "github"
      },
      "original": {
        "owner": "ipetkov",
        "repo": "crane",
        "type": "github"
      }
    },
    "flake-file": {
      "locked": {
        "lastModified": 1785282747,
        "narHash": "sha256-ZwdMXUu0Udb4yzI65+psyJeUF+wexByNEvTUSx1xjVs=",
        "owner": "vic",
        "repo": "flake-file",
        "rev": "56c46842d70754345c4a4581b8cbebe87b8fc067",
        "type": "github"
      },
      "original": {
        "owner": "vic",
        "repo": "flake-file",
        "type": "github"
      }
    },
    "flake-parts": {
      "inputs": {
        "nixpkgs-lib": "nixpkgs-lib"
      },
      "locked": {
        "lastModified": 1785627969,
        "narHash": "sha256-4dtXQk/NMePegK/nWp5NSeuZKLATItOq61lpEvmXqGw=",
        "owner": "hercules-ci",
        "repo": "flake-parts",
        "rev": "427bf4bd9435fdf21321c8cc628c24efc14c0f7a",
        "type": "github"
      },
      "original": {
        "owner": "hercules-ci",
        "repo": "flake-parts",
        "type": "github"
      }
    },
    "flake-parts_2": {
      "inputs": {
        "nixpkgs-lib": "nixpkgs-lib_2"
      },
      "locked": {
        "lastModified": 1778716662,
        "narHash": "sha256-m1Yf0wZ8j1OHjTc2UwHwyQRSnNeSgLJOd7q5Y45hzi4=",
        "owner": "hercules-ci",
        "repo": "flake-parts",
        "rev": "f7c1a2d347e4c52d5fb8d10cb4d94b5884e546fb",
        "type": "github"
      },
      "original": {
        "owner": "hercules-ci",
        "repo": "flake-parts",
        "type": "github"
      }
    },
    "flake-parts_3": {
      "inputs": {
        "nixpkgs-lib": [
          "nur",
          "nixpkgs"
        ]
      },
      "locked": {
        "lastModified": 1733312601,
        "narHash": "sha256-4pDvzqnegAfRkPwO3wmwBhVi/Sye1mzps0zHWYnP88c=",
        "owner": "hercules-ci",
        "repo": "flake-parts",
        "rev": "205b12d8b7cd4802fbcb8e8ef6a0f1408781a4f9",
        "type": "github"
      },
      "original": {
        "owner": "hercules-ci",
        "repo": "flake-parts",
        "type": "github"
      }
    },
    "flake-parts_4": {
      "inputs": {
        "nixpkgs-lib": [
          "steam-config-nix",
          "nixpkgs"
        ]
      },
      "locked": {
        "lastModified": 1785627969,
        "narHash": "sha256-4dtXQk/NMePegK/nWp5NSeuZKLATItOq61lpEvmXqGw=",
        "owner": "hercules-ci",
        "repo": "flake-parts",
        "rev": "427bf4bd9435fdf21321c8cc628c24efc14c0f7a",
        "type": "github"
      },
      "original": {
        "owner": "hercules-ci",
        "repo": "flake-parts",
        "type": "github"
      }
    },
    "home-manager": {
      "inputs": {
        "nixpkgs": [
          "nixpkgs"
        ]
      },
      "locked": {
        "lastModified": 1786924861,
        "narHash": "sha256-hftabkb+73OcGzvwFAjCiQorAhprs9TnU1+FkGO5CIw=",
        "owner": "nix-community",
        "repo": "home-manager",
        "rev": "09ae1b85a6db412d841d60f924b23f881f0d0a38",
        "type": "github"
      },
      "original": {
        "owner": "nix-community",
        "ref": "release-26.05",
        "repo": "home-manager",
        "type": "github"
      }
    },
    "home-manager_2": {
      "inputs": {
        "nixpkgs": [
          "zen-browser",
          "nixpkgs"
        ]
      },
      "locked": {
        "lastModified": 1786719456,
        "narHash": "sha256-B74DLQs/VjlqyhnnX3tguWwghqJHWSJX30TKZuAljIg=",
        "owner": "nix-community",
        "repo": "home-manager",
        "rev": "83b7606dcf44abe3a94b86e8bb2b3355d22e8797",
        "type": "github"
      },
      "original": {
        "owner": "nix-community",
        "repo": "home-manager",
        "type": "github"
      }
    },
    "import-tree": {
      "locked": {
        "lastModified": 1784254960,
        "narHash": "sha256-iI88R3wHz8wTKQb5orvpc51L/Xr64AJyxid/0MKa/b8=",
        "owner": "vic",
        "repo": "import-tree",
        "rev": "4ebb10ae17d5f1ad366e7aef5b92cb8eecf24f69",
        "type": "github"
      },
      "original": {
        "owner": "vic",
        "repo": "import-tree",
        "type": "github"
      }
    },
    "niri": {
      "inputs": {
        "nixpkgs": [
          "nixpkgs"
        ]
      },
      "locked": {
        "lastModified": 1787337984,
        "narHash": "sha256-BNZUEVR2H96hCKENNKoLSSTFT8W4smp7v94hJc4Ehfc=",
        "owner": "niri-wm",
        "repo": "niri",
        "rev": "dd75865f547f0eac0e9b6c4d86d2cd00c0744252",
        "type": "github"
      },
      "original": {
        "owner": "niri-wm",
        "repo": "niri",
        "type": "github"
      }
    },
    "nixpkgs": {
      "locked": {
        "lastModified": 1786943417,
        "narHash": "sha256-b4qgjdFtlz5TAZ1Hi7DFJeqX3sjaDUnrwr9OO+O1rM0=",
        "owner": "nixos",
        "repo": "nixpkgs",
        "rev": "0dd31db7e6dbf9ce05697c4545f6fe01accec994",
        "type": "github"
      },
      "original": {
        "owner": "nixos",
        "ref": "nixos-26.05",
        "repo": "nixpkgs",
        "type": "github"
      }
    },
    "nixpkgs-lib": {
      "locked": {
        "lastModified": 1785031560,
        "narHash": "sha256-OmshNvn2vupOFpYinLUu+1Dnpu4n7Q5N3ggGVNHpkUI=",
        "owner": "nix-community",
        "repo": "nixpkgs.lib",
        "rev": "0e79af5e3d4dcfcd676ab5ba3f95d2e3352e078c",
        "type": "github"
      },
      "original": {
        "owner": "nix-community",
        "repo": "nixpkgs.lib",
        "type": "github"
      }
    },
    "nixpkgs-lib_2": {
      "locked": {
        "lastModified": 1777168982,
        "narHash": "sha256-GOkGPcboWE9BmGCRMLX3worL4EMnsnG8MyKmXNeYuhQ=",
        "owner": "nix-community",
        "repo": "nixpkgs.lib",
        "rev": "f5901329dade4a6ea039af1433fb087bd9c1fe14",
        "type": "github"
      },
      "original": {
        "owner": "nix-community",
        "repo": "nixpkgs.lib",
        "type": "github"
      }
    },
    "nixpkgs-master": {
      "locked": {
        "lastModified": 1787024138,
        "narHash": "sha256-c7OAGoPCiq6C7Hi2w26Ccw/7OLE0+KyVpmjTaqJqnr0=",
        "owner": "nixos",
        "repo": "nixpkgs",
        "rev": "2c4cd4139ef1321c4c0f1d44db62640dd5fe3689",
        "type": "github"
      },
      "original": {
        "owner": "nixos",
        "repo": "nixpkgs",
        "type": "github"
      }
    },
    "nixpkgs-unstable": {
      "locked": {
        "lastModified": 1786862985,
        "narHash": "sha256-FBJRXmbGXiSUDvYEbfLYRkckayyZ6SK1UEqhCrIZ2Cs=",
        "owner": "nixos",
        "repo": "nixpkgs",
        "rev": "e5bdc4a41d4c072fe1e3787eaa0320a384741d44",
        "type": "github"
      },
      "original": {
        "owner": "nixos",
        "ref": "nixos-unstable",
        "repo": "nixpkgs",
        "type": "github"
      }
    },
    "nixpkgs_2": {
      "locked": {
        "lastModified": 1779508470,
        "narHash": "sha256-Ap9KJX+5xHIn3bPIpfNgT6MEXdAECECwo4/rmlQD74M=",
        "owner": "NixOS",
        "repo": "nixpkgs",
        "rev": "29916453413845e54a65b8a1cf996842300cd299",
        "type": "github"
      },
      "original": {
        "owner": "NixOS",
        "ref": "nixos-unstable",
        "repo": "nixpkgs",
        "type": "github"
      }
    },
    "noctalia": {
      "inputs": {
        "nixpkgs": [
          "nixpkgs"
        ]
      },
      "locked": {
        "lastModified": 1788140792,
        "narHash": "sha256-XOs186AbCrr7paAzSIlMTi6TfV6keGaMSKpoRfgmItA=",
        "owner": "noctalia-dev",
        "repo": "noctalia",
        "rev": "f840b01baf168f9556e34ba5b8fefb2e90324960",
        "type": "github"
      },
      "original": {
        "owner": "noctalia-dev",
        "repo": "noctalia",
        "type": "github"
      }
    },
    "noctalia-appmenu": {
      "inputs": {
        "crane": "crane",
        "flake-parts": "flake-parts_2",
        "nixpkgs": "nixpkgs_2",
        "rust-overlay": "rust-overlay"
      },
      "locked": {
        "lastModified": 1785877825,
        "narHash": "sha256-kt3XbMN+iXKFze0xi9X4AXHlouU07E3wdSekhDIciaI=",
        "owner": "yolo-labz",
        "repo": "noctalia-appmenu",
        "rev": "29d099559773cd78f79133bcbca8c5ec96b2eef3",
        "type": "github"
      },
      "original": {
        "owner": "yolo-labz",
        "repo": "noctalia-appmenu",
        "type": "github"
      }
    },
    "nur": {
      "inputs": {
        "flake-parts": "flake-parts_3",
        "nixpkgs": [
          "nixpkgs"
        ]
      },
      "locked": {
        "lastModified": 1787025824,
        "narHash": "sha256-5fpp04fX3uQoJpyXx6Je9K9+CqIBZS7re10JDFjwNa8=",
        "owner": "nix-community",
        "repo": "nur",
        "rev": "77b05dc44d13a808eda560025333754f8a948e38",
        "type": "github"
      },
      "original": {
        "owner": "nix-community",
        "repo": "nur",
        "type": "github"
      }
    },
    "root": {
      "inputs": {
        "catppuccin": "catppuccin",
        "flake-file": "flake-file",
        "flake-parts": "flake-parts",
        "home-manager": "home-manager",
        "import-tree": "import-tree",
        "niri": "niri",
        "nixpkgs": "nixpkgs",
        "nixpkgs-master": "nixpkgs-master",
        "nixpkgs-unstable": "nixpkgs-unstable",
        "noctalia": "noctalia",
        "noctalia-appmenu": "noctalia-appmenu",
        "nur": "nur",
        "steam-config-nix": "steam-config-nix",
        "zen-browser": "zen-browser"
      }
    },
    "rust-overlay": {
      "inputs": {
        "nixpkgs": [
          "noctalia-appmenu",
          "nixpkgs"
        ]
      },
      "locked": {
        "lastModified": 1779592685,
        "narHash": "sha256-p9d56GezhHRf4QfANxwa1d+fvwShvjB5XUhdIl7WEd0=",
        "owner": "oxalica",
        "repo": "rust-overlay",
        "rev": "3a58b199e7c83a80b85c28044f808085ba7e941c",
        "type": "github"
      },
      "original": {
        "owner": "oxalica",
        "repo": "rust-overlay",
        "type": "github"
      }
    },
    "steam-config-nix": {
      "inputs": {
        "flake-parts": "flake-parts_4",
        "nixpkgs": [
          "nixpkgs"
        ],
        "systems": "systems"
      },
      "locked": {
        "lastModified": 1787568509,
        "narHash": "sha256-Ad1q/OuCeEdBBeK5yttG4SqOAmhRoNYf0J381sHV2w0=",
        "owner": "different-name",
        "repo": "steam-config-nix",
        "rev": "e8c99d8e4aacf7e1854aa0196358b1b1c3b55067",
        "type": "github"
      },
      "original": {
        "owner": "different-name",
        "repo": "steam-config-nix",
        "type": "github"
      }
    },
    "systems": {
      "locked": {
        "lastModified": 1681028828,
        "narHash": "sha256-Vy1rq5AaRuLzOxct8nz4T6wlgyUR7zLU309k9mBC768=",
        "owner": "nix-systems",
        "repo": "default",
        "rev": "da67096a3b9bf56a91d16901293e51ba5b49a27e",
        "type": "github"
      },
      "original": {
        "owner": "nix-systems",
        "repo": "default",
        "type": "github"
      }
    },
    "zen-browser": {
      "inputs": {
        "home-manager": "home-manager_2",
        "nixpkgs": [
          "nixpkgs"
        ]
      },
      "locked": {
        "lastModified": 1788042348,
        "narHash": "sha256-0elxLaDKy+Eg0iH7B9YT7N2vXpMNahkYrMmzRBihl9Q=",
        "owner": "0xc000022070",
        "repo": "zen-browser-flake",
        "rev": "7e5eae4a0ec7d29b83858ba5f54e156a19bbffbf",
        "type": "github"
      },
      "original": {
        "owner": "0xc000022070",
        "ref": "beta",
        "repo": "zen-browser-flake",
        "type": "github"
      }
    }
  },
  "root": "root",
  "version": 7
}
